// !$*UTF8*$!
{
	archiveVersion = 1;
	classes = {
	};
	objectVersion = 50;
	objects = {

/* Begin PBXBuildFile section */
		9E94D6432461FFD10017FD14 /* AppDelegate.swift in Sources */ = {isa = PBXBuildFile; fileRef = 9E94D6422461FFD10017FD14 /* AppDelegate.swift */; };
		9E94D6452461FFD10017FD14 /* SceneDelegate.swift in Sources */ = {isa = PBXBuildFile; fileRef = 9E94D6442461FFD10017FD14 /* SceneDelegate.swift */; };
		9E94D6472461FFD10017FD14 /* ViewController.swift in Sources */ = {isa = PBXBuildFile; fileRef = 9E94D6462461FFD10017FD14 /* ViewController.swift */; };
		9E94D64A2461FFD10017FD14 /* Main.storyboard in Resources */ = {isa = PBXBuildFile; fileRef = 9E94D6482461FFD10017FD14 /* Main.storyboard */; };
		9E94D64C2461FFD30017FD14 /* Assets.xcassets in Resources */ = {isa = PBXBuildFile; fileRef = 9E94D64B2461FFD30017FD14 /* Assets.xcassets */; };
		9E94D64F2461FFD30017FD14 /* LaunchScreen.storyboard in Resources */ = {isa = PBXBuildFile; fileRef = 9E94D64D2461FFD30017FD14 /* LaunchScreen.storyboard */; };
		9E94D658246207BD0017FD14 /* TweetectClassifier.mlmodel in Sources */ = {isa = PBXBuildFile; fileRef = 9E94D657246207BD0017FD14 /* TweetectClassifier.mlmodel */; };
		9E94D66C24620DE90017FD14 /* SwifteriOS.framework in Frameworks */ = {isa = PBXBuildFile; fileRef = 9E94D66224620DD10017FD14 /* SwifteriOS.framework */; };
		9E94D66D24620DE90017FD14 /* SwifteriOS.framework in Embed Frameworks */ = {isa = PBXBuildFile; fileRef = 9E94D66224620DD10017FD14 /* SwifteriOS.framework */; settings = {ATTRIBUTES = (CodeSignOnCopy, RemoveHeadersOnCopy, ); }; };
/* End PBXBuildFile section */

/* Begin PBXContainerItemProxy section */
		9E94D66124620DD10017FD14 /* PBXContainerItemProxy */ = {
			isa = PBXContainerItemProxy;
			containerPortal = 9E94D65924620DD10017FD14 /* Swifter.xcodeproj */;
			proxyType = 2;
			remoteGlobalIDString = 8B9F50EE1944A5AB00894629;
			remoteInfo = SwifteriOS;
		};
		9E94D66324620DD10017FD14 /* PBXContainerItemProxy */ = {
			isa = PBXContainerItemProxy;
			containerPortal = 9E94D65924620DD10017FD14 /* Swifter.xcodeproj */;
			proxyType = 2;
			remoteGlobalIDString = 8B9F51131944A61D00894629;
			remoteInfo = SwifterMac;
		};
		9E94D66524620DD10017FD14 /* PBXContainerItemProxy */ = {
			isa = PBXContainerItemProxy;
			containerPortal = 9E94D65924620DD10017FD14 /* Swifter.xcodeproj */;
			proxyType = 2;
			remoteGlobalIDString = 8B300C1F1944AA1A00993175;
			remoteInfo = SwifterDemoiOS;
		};
		9E94D66724620DD10017FD14 /* PBXContainerItemProxy */ = {
			isa = PBXContainerItemProxy;
			containerPortal = 9E94D65924620DD10017FD14 /* Swifter.xcodeproj */;
			proxyType = 2;
			remoteGlobalIDString = 8B300C471944AECB00993175;
			remoteInfo = SwifterDemoMac;
		};
		9E94D66924620DD10017FD14 /* PBXContainerItemProxy */ = {
			isa = PBXContainerItemProxy;
			containerPortal = 9E94D65924620DD10017FD14 /* Swifter.xcodeproj */;
			proxyType = 2;
			remoteGlobalIDString = F6B4D5751C7BAC4500E06514;
			remoteInfo = SwifterTests;
		};
/* End PBXContainerItemProxy section */

/* Begin PBXCopyFilesBuildPhase section */
		9E94D66E24620DE90017FD14 /* Embed Frameworks */ = {
			isa = PBXCopyFilesBuildPhase;
			buildActionMask = 2147483647;
			dstPath = "";
			dstSubfolderSpec = 10;
			files = (
				9E94D66D24620DE90017FD14 /* SwifteriOS.framework in Embed Frameworks */,
			);
			name = "Embed Frameworks";
			runOnlyForDeploymentPostprocessing = 0;
		};
/* End PBXCopyFilesBuildPhase section */

/* Begin PBXFileReference section */
		9E94D63F2461FFD10017FD14 /* Tweetect.app */ = {isa = PBXFileReference; explicitFileType = wrapper.application; includeInIndex = 0; path = Tweetect.app; sourceTree = BUILT_PRODUCTS_DIR; };
		9E94D6422461FFD10017FD14 /* AppDelegate.swift */ = {isa = PBXFileReference; lastKnownFileType = sourcecode.swift; path = AppDelegate.swift; sourceTree = "<group>"; };
		9E94D6442461FFD10017FD14 /* SceneDelegate.swift */ = {isa = PBXFileReference; lastKnownFileType = sourcecode.swift; path = SceneDelegate.swift; sourceTree = "<group>"; };
		9E94D6462461FFD10017FD14 /* ViewController.swift */ = {isa = PBXFileReference; lastKnownFileType = sourcecode.swift; path = ViewController.swift; sourceTree = "<group>"; };
		9E94D6492461FFD10017FD14 /* Base */ = {isa = PBXFileReference; lastKnownFileType = file.storyboard; name = Base; path = Base.lproj/Main.storyboard; sourceTree = "<group>"; };
		9E94D64B2461FFD30017FD14 /* Assets.xcassets */ = {isa = PBXFileReference; lastKnownFileType = folder.assetcatalog; path = Assets.xcassets; sourceTree = "<group>"; };
		9E94D64E2461FFD30017FD14 /* Base */ = {isa = PBXFileReference; lastKnownFileType = file.storyboard; name = Base; path = Base.lproj/LaunchScreen.storyboard; sourceTree = "<group>"; };
		9E94D6502461FFD30017FD14 /* Info.plist */ = {isa = PBXFileReference; lastKnownFileType = text.plist.xml; path = Info.plist; sourceTree = "<group>"; };
		9E94D657246207BD0017FD14 /* TweetectClassifier.mlmodel */ = {isa = PBXFileReference; lastKnownFileType = file.mlmodel; path = TweetectClassifier.mlmodel; sourceTree = "<group>"; };
		9E94D65924620DD10017FD14 /* Swifter.xcodeproj */ = {isa = PBXFileReference; lastKnownFileType = "wrapper.pb-project"; name = Swifter.xcodeproj; path = ../../Swifter/Swifter.xcodeproj; sourceTree = "<group>"; };
/* End PBXFileReference section */

/* Begin PBXFrameworksBuildPhase section */
		9E94D63C2461FFD10017FD14 /* Frameworks */ = {
			isa = PBXFrameworksBuildPhase;
			buildActionMask = 2147483647;
			files = (
				9E94D66C24620DE90017FD14 /* SwifteriOS.framework in Frameworks */,
			);
			runOnlyForDeploymentPostprocessing = 0;
		};
/* End PBXFrameworksBuildPhase section */

/* Begin PBXGroup section */
		9E94D6362461FFD10017FD14 = {
			isa = PBXGroup;
			children = (
				9E94D65924620DD10017FD14 /* Swifter.xcodeproj */,
				9E94D6412461FFD10017FD14 /* Tweetect */,
				9E94D6402461FFD10017FD14 /* Products */,
				9E94D66B24620DE90017FD14 /* Frameworks */,
			);
			sourceTree = "<group>";
		};
		9E94D6402461FFD10017FD14 /* Products */ = {
			isa = PBXGroup;
			children = (
				9E94D63F2461FFD10017FD14 /* Tweetect.app */,
			);
			name = Products;
			sourceTree = "<group>";
		};
		9E94D6412461FFD10017FD14 /* Tweetect */ = {
			isa = PBXGroup;
			children = (
				9E94D656246207B10017FD14 /* Model */,
				9E94D6422461FFD10017FD14 /* AppDelegate.swift */,
				9E94D6442461FFD10017FD14 /* SceneDelegate.swift */,
				9E94D6462461FFD10017FD14 /* ViewController.swift */,
				9E94D6482461FFD10017FD14 /* Main.storyboard */,
				9E94D64B2461FFD30017FD14 /* Assets.xcassets */,
				9E94D64D2461FFD30017FD14 /* LaunchScreen.storyboard */,
				9E94D6502461FFD30017FD14 /* Info.plist */,
			);
			path = Tweetect;
			sourceTree = "<group>";
		};
		9E94D656246207B10017FD14 /* Model */ = {
			isa = PBXGroup;
			children = (
				9E94D657246207BD0017FD14 /* TweetectClassifier.mlmodel */,
			);
			path = Model;
			sourceTree = "<group>";
		};
		9E94D65A24620DD10017FD14 /* Products */ = {
			isa = PBXGroup;
			children = (
				9E94D66224620DD10017FD14 /* SwifteriOS.framework */,
				9E94D66424620DD10017FD14 /* SwifterMac.framework */,
				9E94D66624620DD10017FD14 /* SwifterDemoiOS.app */,
				9E94D66824620DD10017FD14 /* SwifterDemoMac.app */,
				9E94D66A24620DD10017FD14 /* SwifterTests.xctest */,
			);
			name = Products;
			sourceTree = "<group>";
		};
		9E94D66B24620DE90017FD14 /* Frameworks */ = {
			isa = PBXGroup;
			children = (
			);
			name = Frameworks;
			sourceTree = "<group>";
		};
/* End PBXGroup section */

/* Begin PBXNativeTarget section */
		9E94D63E2461FFD10017FD14 /* Tweetect */ = {
			isa = PBXNativeTarget;
			buildConfigurationList = 9E94D6532461FFD30017FD14 /* Build configuration list for PBXNativeTarget "Tweetect" */;
			buildPhases = (
				9E94D63B2461FFD10017FD14 /* Sources */,
				9E94D63C2461FFD10017FD14 /* Frameworks */,
				9E94D63D2461FFD10017FD14 /* Resources */,
				9E94D66E24620DE90017FD14 /* Embed Frameworks */,
			);
			buildRules = (
			);
			dependencies = (
			);
			name = Tweetect;
			productName = Tweetect;
			productReference = 9E94D63F2461FFD10017FD14 /* Tweetect.app */;
			productType = "com.apple.product-type.application";
		};
/* End PBXNativeTarget section */

/* Begin PBXProject section */
		9E94D6372461FFD10017FD14 /* Project object */ = {
			isa = PBXProject;
			attributes = {
				LastSwiftUpdateCheck = 1130;
				LastUpgradeCheck = 1130;
				ORGANIZATIONNAME = "Mohaned Yossry";
				TargetAttributes = {
					9E94D63E2461FFD10017FD14 = {
						CreatedOnToolsVersion = 11.3.1;
					};
				};
			};
			buildConfigurationList = 9E94D63A2461FFD10017FD14 /* Build configuration list for PBXProject "Tweetect" */;
			compatibilityVersion = "Xcode 9.3";
			developmentRegion = en;
			hasScannedForEncodings = 0;
			knownRegions = (
				en,
				Base,
			);
			mainGroup = 9E94D6362461FFD10017FD14;
			productRefGroup = 9E94D6402461FFD10017FD14 /* Products */;
			projectDirPath = "";
			projectReferences = (
				{
					ProductGroup = 9E94D65A24620DD10017FD14 /* Products */;
					ProjectRef = 9E94D65924620DD10017FD14 /* Swifter.xcodeproj */;
				},
			);
			projectRoot = "";
			targets = (
				9E94D63E2461FFD10017FD14 /* Tweetect */,
			);
		};
/* End PBXProject section */

/* Begin PBXReferenceProxy section */
		9E94D66224620DD10017FD14 /* SwifteriOS.framework */ = {
			isa = PBXReferenceProxy;
			fileType = wrapper.framework;
			path = SwifteriOS.framework;
			remoteRef = 9E94D66124620DD10017FD14 /* PBXContainerItemProxy */;
			sourceTree = BUILT_PRODUCTS_DIR;
		};
		9E94D66424620DD10017FD14 /* SwifterMac.framework */ = {
			isa = PBXReferenceProxy;
			fileType = wrapper.framework;
			path = SwifterMac.framework;
			remoteRef = 9E94D66324620DD10017FD14 /* PBXContainerItemProxy */;
			sourceTree = BUILT_PRODUCTS_DIR;
		};
		9E94D66624620DD10017FD14 /* SwifterDemoiOS.app */ = {
			isa = PBXReferenceProxy;
			fileType = wrapper.application;
			path = SwifterDemoiOS.app;
			remoteRef = 9E94D66524620DD10017FD14 /* PBXContainerItemProxy */;
			sourceTree = BUILT_PRODUCTS_DIR;
		};
		9E94D66824620DD10017FD14 /* SwifterDemoMac.app */ = {
			isa = PBXReferenceProxy;
			fileType = wrapper.application;
			path = SwifterDemoMac.app;
			remoteRef = 9E94D66724620DD10017FD14 /* PBXContainerItemProxy */;
			sourceTree = BUILT_PRODUCTS_DIR;
		};
		9E94D66A24620DD10017FD14 /* SwifterTests.xctest */ = {
			isa = PBXReferenceProxy;
			fileType = wrapper.cfbundle;
			path = SwifterTests.xctest;
			remoteRef = 9E94D66924620DD10017FD14 /* PBXContainerItemProxy */;
			sourceTree = BUILT_PRODUCTS_DIR;
		};
/* End PBXReferenceProxy section */

/* Begin PBXResourcesBuildPhase section */
		9E94D63D2461FFD10017FD14 /* Resources */ = {
			isa = PBXResourcesBuildPhase;
			buildActionMask = 2147483647;
			files = (
				9E94D64F2461FFD30017FD14 /* LaunchScreen.storyboard in Resources */,
				9E94D64C2461FFD30017FD14 /* Assets.xcassets in Resources */,
				9E94D64A2461FFD10017FD14 /* Main.storyboard in Resources */,
			);
			runOnlyForDeploymentPostprocessing = 0;
		};
/* End PBXResourcesBuildPhase section */

/* Begin PBXSourcesBuildPhase section */
		9E94D63B2461FFD10017FD14 /* Sources */ = {
			isa = PBXSourcesBuildPhase;
			buildActionMask = 2147483647;
			files = (
				9E94D658246207BD0017FD14 /* TweetectClassifier.mlmodel in Sources */,
				9E94D6472461FFD10017FD14 /* ViewController.swift in Sources */,
				9E94D6432461FFD10017FD14 /* AppDelegate.swift in Sources */,
				9E94D6452461FFD10017FD14 /* SceneDelegate.swift in Sources */,
			);
			runOnlyForDeploymentPostprocessing = 0;
		};
/* End PBXSourcesBuildPhase section */

/* Begin PBXVariantGroup section */
		9E94D6482461FFD10017FD14 /* Main.storyboard */ = {
			isa = PBXVariantGroup;
			children = (
				9E94D6492461FFD10017FD14 /* Base */,
			);
			name = Main.storyboard;
			sourceTree = "<group>";
		};
		9E94D64D2461FFD30017FD14 /* LaunchScreen.storyboard */ = {
			isa = PBXVariantGroup;
			children = (
				9E94D64E2461FFD30017FD14 /* Base */,
			);
			name = LaunchScreen.storyboard;
			sourceTree = "<group>";
		};
/* End PBXVariantGroup section */

/* Begin XCBuildConfiguration section */
		9E94D6512461FFD30017FD14 /* Debug */ = {
			isa = XCBuildConfiguration;
			buildSettings = {
				ALWAYS_SEARCH_USER_PATHS = NO;
				CLANG_ANALYZER_NONNULL = YES;
				CLANG_ANALYZER_NUMBER_OBJECT_CONVERSION = YES_AGGRESSIVE;
				CLANG_CXX_LANGUAGE_STANDARD = "gnu++14";
				CLANG_CXX_LIBRARY = "libc++";
				CLANG_ENABLE_MODULES = YES;
				CLANG_ENABLE_OBJC_ARC = YES;
				CLANG_ENABLE_OBJC_WEAK = YES;
				CLANG_WARN_BLOCK_CAPTURE_AUTORELEASING = YES;
				CLANG_WARN_BOOL_CONVERSION = YES;
				CLANG_WARN_COMMA = YES;
				CLANG_WARN_CONSTANT_CONVERSION = YES;
				CLANG_WARN_DEPRECATED_OBJC_IMPLEMENTATIONS = YES;
				CLANG_WARN_DIRECT_OBJC_ISA_USAGE = YES_ERROR;
				CLANG_WARN_DOCUMENTATION_COMMENTS = YES;
				CLANG_WARN_EMPTY_BODY = YES;
				CLANG_WARN_ENUM_CONVERSION = YES;
				CLANG_WARN_INFINITE_RECURSION = YES;
				CLANG_WARN_INT_CONVERSION = YES;
				CLANG_WARN_NON_LITERAL_NULL_CONVERSION = YES;
				CLANG_WARN_OBJC_IMPLICIT_RETAIN_SELF = YES;
				CLANG_WARN_OBJC_LITERAL_CONVERSION = YES;
				CLANG_WARN_OBJC_ROOT_CLASS = YES_ERROR;
				CLANG_WARN_RANGE_LOOP_ANALYSIS = YES;
				CLANG_WARN_STRICT_PROTOTYPES = YES;
				CLANG_WARN_SUSPICIOUS_MOVE = YES;
				CLANG_WARN_UNGUARDED_AVAILABILITY = YES_AGGRESSIVE;
				CLANG_WARN_UNREACHABLE_CODE = YES;
				CLANG_WARN__DUPLICATE_METHOD_MATCH = YES;
				COPY_PHASE_STRIP = NO;
				DEBUG_INFORMATION_FORMAT = dwarf;
				ENABLE_STRICT_OBJC_MSGSEND = YES;
				ENABLE_TESTABILITY = YES;
				GCC_C_LANGUAGE_STANDARD = gnu11;
				GCC_DYNAMIC_NO_PIC = NO;
				GCC_NO_COMMON_BLOCKS = YES;
				GCC_OPTIMIZATION_LEVEL = 0;
				GCC_PREPROCESSOR_DEFINITIONS = (
					"DEBUG=1",
					"$(inherited)",
				);
				GCC_WARN_64_TO_32_BIT_CONVERSION = YES;
				GCC_WARN_ABOUT_RETURN_TYPE = YES_ERROR;
				GCC_WARN_UNDECLARED_SELECTOR = YES;
				GCC_WARN_UNINITIALIZED_AUTOS = YES_AGGRESSIVE;
				GCC_WARN_UNUSED_FUNCTION = YES;
				GCC_WARN_UNUSED_VARIABLE = YES;
				IPHONEOS_DEPLOYMENT_TARGET = 13.2;
				MTL_ENABLE_DEBUG_INFO = INCLUDE_SOURCE;
				MTL_FAST_MATH = YES;
				ONLY_ACTIVE_ARCH = YES;
				SDKROOT = iphoneos;
				SWIFT_ACTIVE_COMPILATION_CONDITIONS = DEBUG;
				SWIFT_OPTIMIZATION_LEVEL = "-Onone";
			};
			name = Debug;
		};
		9E94D6522461FFD30017FD14 /* Release */ = {
			isa = XCBuildConfiguration;
			buildSettings = {
				ALWAYS_SEARCH_USER_PATHS = NO;
				CLANG_ANALYZER_NONNULL = YES;
				CLANG_ANALYZER_NUMBER_OBJECT_CONVERSION = YES_AGGRESSIVE;
				CLANG_CXX_LANGUAGE_STANDARD = "gnu++14";
				CLANG_CXX_LIBRARY = "libc++";
				CLANG_ENABLE_MODULES = YES;
				CLANG_ENABLE_OBJC_ARC = YES;
				CLANG_ENABLE_OBJC_WEAK = YES;
				CLANG_WARN_BLOCK_CAPTURE_AUTORELEASING = YES;
				CLANG_WARN_BOOL_CONVERSION = YES;
				CLANG_WARN_COMMA = YES;
				CLANG_WARN_CONSTANT_CONVERSION = YES;
				CLANG_WARN_DEPRECATED_OBJC_IMPLEMENTATIONS = YES;
				CLANG_WARN_DIRECT_OBJC_ISA_USAGE = YES_ERROR;
				CLANG_WARN_DOCUMENTATION_COMMENTS = YES;
				CLANG_WARN_EMPTY_BODY = YES;
				CLANG_WARN_ENUM_CONVERSION = YES;
				CLANG_WARN_INFINITE_RECURSION = YES;
				CLANG_WARN_INT_CONVERSION = YES;
				CLANG_WARN_NON_LITERAL_NULL_CONVERSION = YES;
				CLANG_WARN_OBJC_IMPLICIT_RETAIN_SELF = YES;
				CLANG_WARN_OBJC_LITERAL_CONVERSION = YES;
				CLANG_WARN_OBJC_ROOT_CLASS = YES_ERROR;
				CLANG_WARN_RANGE_LOOP_ANALYSIS = YES;
				CLANG_WARN_STRICT_PROTOTYPES = YES;
				CLANG_WARN_SUSPICIOUS_MOVE = YES;
				CLANG_WARN_UNGUARDED_AVAILABILITY = YES_AGGRESSIVE;
				CLANG_WARN_UNREACHABLE_CODE = YES;
				CLANG_WARN__DUPLICATE_METHOD_MATCH = YES;
				COPY_PHASE_STRIP = NO;
				DEBUG_INFORMATION_FORMAT = "dwarf-with-dsym";
				ENABLE_NS_ASSERTIONS = NO;
				ENABLE_STRICT_OBJC_MSGSEND = YES;
				GCC_C_LANGUAGE_STANDARD = gnu11;
				GCC_NO_COMMON_BLOCKS = YES;
				GCC_WARN_64_TO_32_BIT_CONVERSION = YES;
				GCC_WARN_ABOUT_RETURN_TYPE = YES_ERROR;
				GCC_WARN_UNDECLARED_SELECTOR = YES;
				GCC_WARN_UNINITIALIZED_AUTOS = YES_AGGRESSIVE;
				GCC_WARN_UNUSED_FUNCTION = YES;
				GCC_WARN_UNUSED_VARIABLE = YES;
				IPHONEOS_DEPLOYMENT_TARGET = 13.2;
				MTL_ENABLE_DEBUG_INFO = NO;
				MTL_FAST_MATH = YES;
				SDKROOT = iphoneos;
				SWIFT_COMPILATION_MODE = wholemodule;
				SWIFT_OPTIMIZATION_LEVEL = "-O";
				VALIDATE_PRODUCT = YES;
			};
			name = Release;
		};
		9E94D6542461FFD30017FD14 /* Debug */ = {
			isa = XCBuildConfiguration;
			buildSettings = {
				ASSETCATALOG_COMPILER_APPICON_NAME = AppIcon;
				CODE_SIGN_STYLE = Automatic;
				DEVELOPMENT_TEAM = 8FQG26DZ84;
				INFOPLIST_FILE = Tweetect/Info.plist;
				LD_RUNPATH_SEARCH_PATHS = (
					"$(inherited)",
					"@executable_path/Frameworks",
				);
				PRODUCT_BUNDLE_IDENTIFIER = mohanedy98.Tweetect;
				PRODUCT_NAME = "$(TARGET_NAME)";
				SWIFT_VERSION = 5.0;
				TARGETED_DEVICE_FAMILY = "1,2";
			};
			name = Debug;
		};
		9E94D6552461FFD30017FD14 /* Release */ = {
			isa = XCBuildConfiguration;
			buildSettings = {
				ASSETCATALOG_COMPILER_APPICON_NAME = AppIcon;
				CODE_SIGN_STYLE = Automatic;
				DEVELOPMENT_TEAM = 8FQG26DZ84;
				INFOPLIST_FILE = Tweetect/Info.plist;
				LD_RUNPATH_SEARCH_PATHS = (
					"$(inherited)",
					"@executable_path/Frameworks",
				);
				PRODUCT_BUNDLE_IDENTIFIER = mohanedy98.Tweetect;
				PRODUCT_NAME = "$(TARGET_NAME)";
				SWIFT_VERSION = 5.0;
				TARGETED_DEVICE_FAMILY = "1,2";
			};
			name = Release;
		};
/* End XCBuildConfiguration section */

/* Begin XCConfigurationList section */
		9E94D63A2461FFD10017FD14 /* Build configuration list for PBXProject "Tweetect" */ = {
			isa = XCConfigurationList;
			buildConfigurations = (
				9E94D6512461FFD30017FD14 /* Debug */,
				9E94D6522461FFD30017FD14 /* Release */,
			);
			defaultConfigurationIsVisible = 0;
			defaultConfigurationName = Release;
		};
		9E94D6532461FFD30017FD14 /* Build configuration list for PBXNativeTarget "Tweetect" */ = {
			isa = XCConfigurationList;
			buildConfigurations = (
				9E94D6542461FFD30017FD14 /* Debug */,
				9E94D6552461FFD30017FD14 /* Release */,
			);
			defaultConfigurationIsVisible = 0;
			defaultConfigurationName = Release;
		};
/* End XCConfigurationList section */
	};
	rootObject = 9E94D6372461FFD10017FD14 /* Project object */;
}
